
Microsoft Visual Studio Solution File, Format Version 12.00
# Visual Studio Version 16
VisualStudioVersion = 16.0.30413.136
MinimumVisualStudioVersion = 10.0.40219.1
Project("{2150E333-8FDC-42A3-9474-1A3956D46DE8}") = "00.BDD", "00.BDD", "{16545D36-7B88-4D0B-B24E-55E04EBD54A6}"
EndProject
Project("{2150E333-8FDC-42A3-9474-1A3956D46DE8}") = "06.WebApi", "06.WebApi", "{AEDE97F6-84D0-4145-8B65-274FD6A23104}"
EndProject
Project("{2150E333-8FDC-42A3-9474-1A3956D46DE8}") = "00.InfraStructure", "00.InfraStructure", "{90242B04-8F22-4316-9DF7-EE321E677F5B}"
EndProject
Project("{2150E333-8FDC-42A3-9474-1A3956D46DE8}") = "02.Domain", "02.Domain", "{620CB5C7-600F-4FEE-9C93-05F608FB5BCE}"
EndProject
Project("{2150E333-8FDC-42A3-9474-1A3956D46DE8}") = "04.Application", "04.Application", "{B58EFD57-4C4A-4C4F-9A77-D04610CE70AD}"
EndProject
Project("{2150E333-8FDC-42A3-9474-1A3956D46DE8}") = "05.Orchestration", "05.Orchestration", "{5DFD4B8D-4950-462B-A1DE-D6B70A9C374F}"
EndProject
Project("{2150E333-8FDC-42A3-9474-1A3956D46DE8}") = "00.B.ExternalServices", "00.B.ExternalServices", "{85A2F8F9-62D0-457E-9393-BBAE9E381252}"
EndProject
Project("{2150E333-8FDC-42A3-9474-1A3956D46DE8}") = "00.C.Persistence", "00.C.Persistence", "{375B7968-8551-4E9A-8A54-30D6EAB02672}"
EndProject
Project("{2150E333-8FDC-42A3-9474-1A3956D46DE8}") = "02.C.DomainShared", "02.C.DomainShared", "{C8C0E5F1-8CAB-42C0-9593-50FA6213F946}"
EndProject
Project("{2150E333-8FDC-42A3-9474-1A3956D46DE8}") = "02.B.DomainModels", "02.B.DomainModels", "{54514B5C-C819-443E-9A8F-D147902B386C}"
EndProject
Project("{2150E333-8FDC-42A3-9474-1A3956D46DE8}") = "02.D.DomainServiceContracts", "02.D.DomainServiceContracts", "{020250A7-7890-4349-8C82-D471EBF5608A}"
EndProject
Project("{2150E333-8FDC-42A3-9474-1A3956D46DE8}") = "02.A.DomainTests", "02.A.DomainTests", "{F59F0EF5-5A11-4432-80DB-B3E7FD1B30D8}"
EndProject
Project("{2150E333-8FDC-42A3-9474-1A3956D46DE8}") = "04.A.ApplicationTests", "04.A.ApplicationTests", "{16E2EA9F-2839-4019-96D7-6EC06FD1EF0D}"
EndProject
Project("{2150E333-8FDC-42A3-9474-1A3956D46DE8}") = "05.A.OrchestrationTests", "05.A.OrchestrationTests", "{6614B1CE-2FC7-42BF-B1AC-C280FE584CCE}"
EndProject
Project("{2150E333-8FDC-42A3-9474-1A3956D46DE8}") = "05.B.OrchestrationServices", "05.B.OrchestrationServices", "{4B3E80E6-0277-4063-A2C4-D479AEC08A63}"
EndProject
Project("{9A19103F-16F7-4668-BE54-9A1E7A4F7556}") = "DomainTest", "02.Domain\02.A.DomainTests\DomainTest\DomainTest.csproj", "{F5AE0A24-2BA0-40CA-9439-A2BC6FBF9DEB}"
EndProject
Project("{9A19103F-16F7-4668-BE54-9A1E7A4F7556}") = "Domain", "02.Domain\02.B.DomainModels\Domain\Domain.csproj", "{7747294E-D400-4345-8D2C-D99612CF487D}"
EndProject
Project("{2150E333-8FDC-42A3-9474-1A3956D46DE8}") = "01.Common", "01.Common", "{D9E80947-17F3-4D32-B336-B0058CB1E0A5}"
EndProject
Project("{9A19103F-16F7-4668-BE54-9A1E7A4F7556}") = "DomainShared", "02.Domain\02.C.DomainShared\DomainShared\DomainShared.csproj", "{3DA3517E-C257-46CE-8E58-FF1DB6180E0E}"
EndProject
Project("{9A19103F-16F7-4668-BE54-9A1E7A4F7556}") = "DomainServiceContract", "02.Domain\02.D.DomainServiceContracts\DomainServiceContract\DomainServiceContract.csproj", "{13E879FC-DA69-4A69-B4CF-752B32482368}"
EndProject
Project("{2150E333-8FDC-42A3-9474-1A3956D46DE8}") = "02.E.ExceptionHandlersService", "02.E.ExceptionHandlersService", "{259B1EF1-3F47-4263-85E0-2024E6BA917A}"
EndProject
Project("{2150E333-8FDC-42A3-9474-1A3956D46DE8}") = "ExceptionManagement", "ExceptionManagement", "{4536AC0C-DD7C-4FFA-AD3E-BD137B2DBEB2}"
EndProject
Project("{9A19103F-16F7-4668-BE54-9A1E7A4F7556}") = "ExceptionsManagement", "02.Domain\02.E.ExceptionHandlersService\ExceptionsManagement\ExceptionsManagement.csproj", "{491893EF-EDCF-4E0A-A012-1C4C05E4439E}"
EndProject
Project("{2150E333-8FDC-42A3-9474-1A3956D46DE8}") = "Solution Items", "Solution Items", "{D7000DF0-AFC7-4494-996E-6F2F8F221DAF}"
	ProjectSection(SolutionItems) = preProject
		diagram.dgml = diagram.dgml
	EndProjectSection
EndProject
Project("{9A19103F-16F7-4668-BE54-9A1E7A4F7556}") = "Persistence", "00.InfraStructure\00.C.Persistence\Persistence.csproj", "{2736D440-401F-4D56-9113-BB65EA6A999F}"
EndProject
Project("{9A19103F-16F7-4668-BE54-9A1E7A4F7556}") = "ApplicationTest", "04.Application\04.A.ApplicationTests\ApplicationTest\ApplicationTest.csproj", "{75B8A94F-ABE4-4A07-8A6A-3C66CB5623DE}"
EndProject
Project("{2150E333-8FDC-42A3-9474-1A3956D46DE8}") = "00.A.Utilities", "00.A.Utilities", "{456A1E06-3318-4F2F-9686-F479A1B0C2A9}"
EndProject
Project("{9A19103F-16F7-4668-BE54-9A1E7A4F7556}") = "Utilities", "00.InfraStructure\00.A.Utilities\Utilities.csproj", "{0B14EBD8-CC14-41AB-8B6D-8C139F68F39C}"
EndProject
Project("{2150E333-8FDC-42A3-9474-1A3956D46DE8}") = "04.B.ApplicationServices", "04.B.ApplicationServices", "{32123275-2BBA-4C52-9E6B-4D3B42F8EF79}"
EndProject
Project("{9A19103F-16F7-4668-BE54-9A1E7A4F7556}") = "ApplicationService", "04.Application\04.B.ApplicationServices\ApplicationService.csproj", "{10A5E80E-11B6-4BB4-99B3-0BF686DDF381}"
EndProject
Project("{2150E333-8FDC-42A3-9474-1A3956D46DE8}") = "00.D.PersistenceTest", "00.D.PersistenceTest", "{F3D20D4A-12AC-466D-BA00-1023DDE9C251}"
EndProject
Project("{9A19103F-16F7-4668-BE54-9A1E7A4F7556}") = "PersistenceTest", "00.InfraStructure\00.D.PersistenceTest\PersistenceTest\PersistenceTest.csproj", "{CEBC6291-2A55-469E-AD43-0E8B147B9A09}"
EndProject
Project("{2150E333-8FDC-42A3-9474-1A3956D46DE8}") = "A.SharedValueObjects", "A.SharedValueObjects", "{5AC7DD41-EB78-491E-9B3B-CD2C19A1E672}"
EndProject
Project("{9A19103F-16F7-4668-BE54-9A1E7A4F7556}") = "SharedValueObject", "01.Common\A.SharedValueObjects\SharedValueObject\SharedValueObject.csproj", "{AA91238D-BB46-419C-9471-3E37855EB6CF}"
EndProject
Project("{9A19103F-16F7-4668-BE54-9A1E7A4F7556}") = "Orchestration", "05.Orchestration\05.B.OrchestrationServices\Orchestration\Orchestration.csproj", "{5804B58D-084C-4A26-8E30-AAA33C2690A1}"
EndProject
Project("{2150E333-8FDC-42A3-9474-1A3956D46DE8}") = "B.API", "B.API", "{A23531C1-8CCF-4D5D-AF5B-DA78777A91BD}"
EndProject
Project("{2150E333-8FDC-42A3-9474-1A3956D46DE8}") = "07.UIAndSDKTest", "07.UIAndSDKTest", "{BA22E589-12E9-44C2-A5CA-4145C6ED337C}"
EndProject
Project("{2150E333-8FDC-42A3-9474-1A3956D46DE8}") = "A.MainUI", "A.MainUI", "{90CFF18C-7A8A-43D6-8347-4FE54BB0C51F}"
EndProject
Project("{2150E333-8FDC-42A3-9474-1A3956D46DE8}") = "B.SecondaryUI", "B.SecondaryUI", "{3BFE55D9-CBAE-494B-9A1D-84FBA98B289E}"
EndProject
Project("{2150E333-8FDC-42A3-9474-1A3956D46DE8}") = "C.IntegrationTest", "C.IntegrationTest", "{23BE3F66-26E8-4113-81C9-1CE69A13DE5A}"
EndProject
Project("{9A19103F-16F7-4668-BE54-9A1E7A4F7556}") = "IntegrationTest", "07.UIAndSDKTest\C.IntegrationTest\IntegrationTest\IntegrationTest.csproj", "{EE2DE875-6AE1-4CD0-939D-2CA09834CC2A}"
EndProject
Project("{9A19103F-16F7-4668-BE54-9A1E7A4F7556}") = "TestBridge", "07.UIAndSDKTest\B.SecondaryUI\TestBridge\TestBridge.csproj", "{89E74421-06DB-434F-A04A-C4928A0FD29A}"
EndProject
Project("{9A19103F-16F7-4668-BE54-9A1E7A4F7556}") = "WebApi", "06.WebApi\B.API\WebApi\WebApi.csproj", "{71E15545-2C0A-4262-A76A-3B24FFFD8700}"
EndProject
Project("{9A19103F-16F7-4668-BE54-9A1E7A4F7556}") = "BDD.SPECS", "00.BDD\BDD.SPECS.csproj", "{7C38BBA6-F5B7-4E7C-8087-8BF53740AA32}"
EndProject
Project("{2150E333-8FDC-42A3-9474-1A3956D46DE8}") = "07.IdentityServer", "07.IdentityServer", "{C365395C-18CC-401D-97E8-BBBA19802ECE}"
EndProject
Project("{2150E333-8FDC-42A3-9474-1A3956D46DE8}") = "07.A.IdentityServer", "07.A.IdentityServer", "{A0D1F6FB-AFAC-4B3F-84EB-39CC30656C57}"
EndProject
Project("{2150E333-8FDC-42A3-9474-1A3956D46DE8}") = "07.B.IdentityServerInfraStructure", "07.B.IdentityServerInfraStructure", "{1A01B706-3AEA-4F76-8E20-370A8A114A9E}"
EndProject
Project("{9A19103F-16F7-4668-BE54-9A1E7A4F7556}") = "IdentityServer", "07.IdentityServer\07.A.IdentityServer\IdentityServer\IdentityServer.csproj", "{70C9C5C0-247B-4FF0-A043-41BD9F944DED}"
EndProject
Project("{2150E333-8FDC-42A3-9474-1A3956D46DE8}") = "D.ConsoleClient", "D.ConsoleClient", "{8D02AE73-6A2D-4CE6-8262-17E4C209CF7D}"
EndProject
Project("{FAE04EC0-301F-11D3-BF4B-00C04F79EFBC}") = "Client", "07.UIAndSDKTest\D.ConsoleClient\Client\Client.csproj", "{439BFBBC-D78D-4F76-9AFA-9272F9C0B77A}"
EndProject
Project("{FAE04EC0-301F-11D3-BF4B-00C04F79EFBC}") = "CkeintConsoleTest", "CkeintConsoleTest\CkeintConsoleTest.csproj", "{AB79F217-18C6-4EBD-8379-9435B4E2CEEE}"
EndProject
Global
	GlobalSection(SolutionConfigurationPlatforms) = preSolution
		Debug|Any CPU = Debug|Any CPU
		Release|Any CPU = Release|Any CPU
	EndGlobalSection
	GlobalSection(ProjectConfigurationPlatforms) = postSolution
		{F5AE0A24-2BA0-40CA-9439-A2BC6FBF9DEB}.Debug|Any CPU.ActiveCfg = Debug|Any CPU
		{F5AE0A24-2BA0-40CA-9439-A2BC6FBF9DEB}.Debug|Any CPU.Build.0 = Debug|Any CPU
		{F5AE0A24-2BA0-40CA-9439-A2BC6FBF9DEB}.Release|Any CPU.ActiveCfg = Release|Any CPU
		{F5AE0A24-2BA0-40CA-9439-A2BC6FBF9DEB}.Release|Any CPU.Build.0 = Release|Any CPU
		{7747294E-D400-4345-8D2C-D99612CF487D}.Debug|Any CPU.ActiveCfg = Debug|Any CPU
		{7747294E-D400-4345-8D2C-D99612CF487D}.Debug|Any CPU.Build.0 = Debug|Any CPU
		{7747294E-D400-4345-8D2C-D99612CF487D}.Release|Any CPU.ActiveCfg = Release|Any CPU
		{7747294E-D400-4345-8D2C-D99612CF487D}.Release|Any CPU.Build.0 = Release|Any CPU
		{3DA3517E-C257-46CE-8E58-FF1DB6180E0E}.Debug|Any CPU.ActiveCfg = Debug|Any CPU
		{3DA3517E-C257-46CE-8E58-FF1DB6180E0E}.Debug|Any CPU.Build.0 = Debug|Any CPU
		{3DA3517E-C257-46CE-8E58-FF1DB6180E0E}.Release|Any CPU.ActiveCfg = Release|Any CPU
		{3DA3517E-C257-46CE-8E58-FF1DB6180E0E}.Release|Any CPU.Build.0 = Release|Any CPU
		{13E879FC-DA69-4A69-B4CF-752B32482368}.Debug|Any CPU.ActiveCfg = Debug|Any CPU
		{13E879FC-DA69-4A69-B4CF-752B32482368}.Debug|Any CPU.Build.0 = Debug|Any CPU
		{13E879FC-DA69-4A69-B4CF-752B32482368}.Release|Any CPU.ActiveCfg = Release|Any CPU
		{13E879FC-DA69-4A69-B4CF-752B32482368}.Release|Any CPU.Build.0 = Release|Any CPU
		{491893EF-EDCF-4E0A-A012-1C4C05E4439E}.Debug|Any CPU.ActiveCfg = Debug|Any CPU
		{491893EF-EDCF-4E0A-A012-1C4C05E4439E}.Debug|Any CPU.Build.0 = Debug|Any CPU
		{491893EF-EDCF-4E0A-A012-1C4C05E4439E}.Release|Any CPU.ActiveCfg = Release|Any CPU
		{491893EF-EDCF-4E0A-A012-1C4C05E4439E}.Release|Any CPU.Build.0 = Release|Any CPU
		{2736D440-401F-4D56-9113-BB65EA6A999F}.Debug|Any CPU.ActiveCfg = Debug|Any CPU
		{2736D440-401F-4D56-9113-BB65EA6A999F}.Debug|Any CPU.Build.0 = Debug|Any CPU
		{2736D440-401F-4D56-9113-BB65EA6A999F}.Release|Any CPU.ActiveCfg = Release|Any CPU
		{2736D440-401F-4D56-9113-BB65EA6A999F}.Release|Any CPU.Build.0 = Release|Any CPU
		{75B8A94F-ABE4-4A07-8A6A-3C66CB5623DE}.Debug|Any CPU.ActiveCfg = Debug|Any CPU
		{75B8A94F-ABE4-4A07-8A6A-3C66CB5623DE}.Debug|Any CPU.Build.0 = Debug|Any CPU
		{75B8A94F-ABE4-4A07-8A6A-3C66CB5623DE}.Release|Any CPU.ActiveCfg = Release|Any CPU
		{75B8A94F-ABE4-4A07-8A6A-3C66CB5623DE}.Release|Any CPU.Build.0 = Release|Any CPU
		{0B14EBD8-CC14-41AB-8B6D-8C139F68F39C}.Debug|Any CPU.ActiveCfg = Debug|Any CPU
		{0B14EBD8-CC14-41AB-8B6D-8C139F68F39C}.Debug|Any CPU.Build.0 = Debug|Any CPU
		{0B14EBD8-CC14-41AB-8B6D-8C139F68F39C}.Release|Any CPU.ActiveCfg = Release|Any CPU
		{0B14EBD8-CC14-41AB-8B6D-8C139F68F39C}.Release|Any CPU.Build.0 = Release|Any CPU
		{10A5E80E-11B6-4BB4-99B3-0BF686DDF381}.Debug|Any CPU.ActiveCfg = Debug|Any CPU
		{10A5E80E-11B6-4BB4-99B3-0BF686DDF381}.Debug|Any CPU.Build.0 = Debug|Any CPU
		{10A5E80E-11B6-4BB4-99B3-0BF686DDF381}.Release|Any CPU.ActiveCfg = Release|Any CPU
		{10A5E80E-11B6-4BB4-99B3-0BF686DDF381}.Release|Any CPU.Build.0 = Release|Any CPU
		{CEBC6291-2A55-469E-AD43-0E8B147B9A09}.Debug|Any CPU.ActiveCfg = Debug|Any CPU
		{CEBC6291-2A55-469E-AD43-0E8B147B9A09}.Debug|Any CPU.Build.0 = Debug|Any CPU
		{CEBC6291-2A55-469E-AD43-0E8B147B9A09}.Release|Any CPU.ActiveCfg = Release|Any CPU
		{CEBC6291-2A55-469E-AD43-0E8B147B9A09}.Release|Any CPU.Build.0 = Release|Any CPU
		{AA91238D-BB46-419C-9471-3E37855EB6CF}.Debug|Any CPU.ActiveCfg = Debug|Any CPU
		{AA91238D-BB46-419C-9471-3E37855EB6CF}.Debug|Any CPU.Build.0 = Debug|Any CPU
		{AA91238D-BB46-419C-9471-3E37855EB6CF}.Release|Any CPU.ActiveCfg = Release|Any CPU
		{AA91238D-BB46-419C-9471-3E37855EB6CF}.Release|Any CPU.Build.0 = Release|Any CPU
		{5804B58D-084C-4A26-8E30-AAA33C2690A1}.Debug|Any CPU.ActiveCfg = Debug|Any CPU
		{5804B58D-084C-4A26-8E30-AAA33C2690A1}.Debug|Any CPU.Build.0 = Debug|Any CPU
		{5804B58D-084C-4A26-8E30-AAA33C2690A1}.Release|Any CPU.ActiveCfg = Release|Any CPU
		{5804B58D-084C-4A26-8E30-AAA33C2690A1}.Release|Any CPU.Build.0 = Release|Any CPU
		{EE2DE875-6AE1-4CD0-939D-2CA09834CC2A}.Debug|Any CPU.ActiveCfg = Debug|Any CPU
		{EE2DE875-6AE1-4CD0-939D-2CA09834CC2A}.Debug|Any CPU.Build.0 = Debug|Any CPU
		{EE2DE875-6AE1-4CD0-939D-2CA09834CC2A}.Release|Any CPU.ActiveCfg = Release|Any CPU
		{EE2DE875-6AE1-4CD0-939D-2CA09834CC2A}.Release|Any CPU.Build.0 = Release|Any CPU
		{89E74421-06DB-434F-A04A-C4928A0FD29A}.Debug|Any CPU.ActiveCfg = Debug|Any CPU
		{89E74421-06DB-434F-A04A-C4928A0FD29A}.Debug|Any CPU.Build.0 = Debug|Any CPU
		{89E74421-06DB-434F-A04A-C4928A0FD29A}.Release|Any CPU.ActiveCfg = Release|Any CPU
		{89E74421-06DB-434F-A04A-C4928A0FD29A}.Release|Any CPU.Build.0 = Release|Any CPU
		{71E15545-2C0A-4262-A76A-3B24FFFD8700}.Debug|Any CPU.ActiveCfg = Debug|Any CPU
		{71E15545-2C0A-4262-A76A-3B24FFFD8700}.Debug|Any CPU.Build.0 = Debug|Any CPU
		{71E15545-2C0A-4262-A76A-3B24FFFD8700}.Release|Any CPU.ActiveCfg = Release|Any CPU
		{71E15545-2C0A-4262-A76A-3B24FFFD8700}.Release|Any CPU.Build.0 = Release|Any CPU
		{7C38BBA6-F5B7-4E7C-8087-8BF53740AA32}.Debug|Any CPU.ActiveCfg = Debug|Any CPU
		{7C38BBA6-F5B7-4E7C-8087-8BF53740AA32}.Debug|Any CPU.Build.0 = Debug|Any CPU
		{7C38BBA6-F5B7-4E7C-8087-8BF53740AA32}.Release|Any CPU.ActiveCfg = Release|Any CPU
		{7C38BBA6-F5B7-4E7C-8087-8BF53740AA32}.Release|Any CPU.Build.0 = Release|Any CPU
		{70C9C5C0-247B-4FF0-A043-41BD9F944DED}.Debug|Any CPU.ActiveCfg = Debug|Any CPU
		{70C9C5C0-247B-4FF0-A043-41BD9F944DED}.Debug|Any CPU.Build.0 = Debug|Any CPU
		{70C9C5C0-247B-4FF0-A043-41BD9F944DED}.Release|Any CPU.ActiveCfg = Release|Any CPU
		{70C9C5C0-247B-4FF0-A043-41BD9F944DED}.Release|Any CPU.Build.0 = Release|Any CPU
		{439BFBBC-D78D-4F76-9AFA-9272F9C0B77A}.Debug|Any CPU.ActiveCfg = Debug|Any CPU
		{439BFBBC-D78D-4F76-9AFA-9272F9C0B77A}.Debug|Any CPU.Build.0 = Debug|Any CPU
		{439BFBBC-D78D-4F76-9AFA-9272F9C0B77A}.Release|Any CPU.ActiveCfg = Release|Any CPU
		{439BFBBC-D78D-4F76-9AFA-9272F9C0B77A}.Release|Any CPU.Build.0 = Release|Any CPU
		{AB79F217-18C6-4EBD-8379-9435B4E2CEEE}.Debug|Any CPU.ActiveCfg = Debug|Any CPU
		{AB79F217-18C6-4EBD-8379-9435B4E2CEEE}.Debug|Any CPU.Build.0 = Debug|Any CPU
		{AB79F217-18C6-4EBD-8379-9435B4E2CEEE}.Release|Any CPU.ActiveCfg = Release|Any CPU
		{AB79F217-18C6-4EBD-8379-9435B4E2CEEE}.Release|Any CPU.Build.0 = Release|Any CPU
	EndGlobalSection
	GlobalSection(SolutionProperties) = preSolution
		HideSolutionNode = FALSE
	EndGlobalSection
	GlobalSection(NestedProjects) = preSolution
		{85A2F8F9-62D0-457E-9393-BBAE9E381252} = {90242B04-8F22-4316-9DF7-EE321E677F5B}
		{375B7968-8551-4E9A-8A54-30D6EAB02672} = {90242B04-8F22-4316-9DF7-EE321E677F5B}
		{C8C0E5F1-8CAB-42C0-9593-50FA6213F946} = {620CB5C7-600F-4FEE-9C93-05F608FB5BCE}
		{54514B5C-C819-443E-9A8F-D147902B386C} = {620CB5C7-600F-4FEE-9C93-05F608FB5BCE}
		{020250A7-7890-4349-8C82-D471EBF5608A} = {620CB5C7-600F-4FEE-9C93-05F608FB5BCE}
		{F59F0EF5-5A11-4432-80DB-B3E7FD1B30D8} = {620CB5C7-600F-4FEE-9C93-05F608FB5BCE}
		{16E2EA9F-2839-4019-96D7-6EC06FD1EF0D} = {B58EFD57-4C4A-4C4F-9A77-D04610CE70AD}
		{6614B1CE-2FC7-42BF-B1AC-C280FE584CCE} = {5DFD4B8D-4950-462B-A1DE-D6B70A9C374F}
		{4B3E80E6-0277-4063-A2C4-D479AEC08A63} = {5DFD4B8D-4950-462B-A1DE-D6B70A9C374F}
		{F5AE0A24-2BA0-40CA-9439-A2BC6FBF9DEB} = {F59F0EF5-5A11-4432-80DB-B3E7FD1B30D8}
		{7747294E-D400-4345-8D2C-D99612CF487D} = {54514B5C-C819-443E-9A8F-D147902B386C}
		{3DA3517E-C257-46CE-8E58-FF1DB6180E0E} = {C8C0E5F1-8CAB-42C0-9593-50FA6213F946}
		{13E879FC-DA69-4A69-B4CF-752B32482368} = {020250A7-7890-4349-8C82-D471EBF5608A}
		{259B1EF1-3F47-4263-85E0-2024E6BA917A} = {620CB5C7-600F-4FEE-9C93-05F608FB5BCE}
		{4536AC0C-DD7C-4FFA-AD3E-BD137B2DBEB2} = {259B1EF1-3F47-4263-85E0-2024E6BA917A}
		{491893EF-EDCF-4E0A-A012-1C4C05E4439E} = {4536AC0C-DD7C-4FFA-AD3E-BD137B2DBEB2}
		{2736D440-401F-4D56-9113-BB65EA6A999F} = {375B7968-8551-4E9A-8A54-30D6EAB02672}
		{75B8A94F-ABE4-4A07-8A6A-3C66CB5623DE} = {16E2EA9F-2839-4019-96D7-6EC06FD1EF0D}
		{456A1E06-3318-4F2F-9686-F479A1B0C2A9} = {90242B04-8F22-4316-9DF7-EE321E677F5B}
		{0B14EBD8-CC14-41AB-8B6D-8C139F68F39C} = {456A1E06-3318-4F2F-9686-F479A1B0C2A9}
		{32123275-2BBA-4C52-9E6B-4D3B42F8EF79} = {B58EFD57-4C4A-4C4F-9A77-D04610CE70AD}
		{10A5E80E-11B6-4BB4-99B3-0BF686DDF381} = {32123275-2BBA-4C52-9E6B-4D3B42F8EF79}
		{F3D20D4A-12AC-466D-BA00-1023DDE9C251} = {90242B04-8F22-4316-9DF7-EE321E677F5B}
		{CEBC6291-2A55-469E-AD43-0E8B147B9A09} = {F3D20D4A-12AC-466D-BA00-1023DDE9C251}
		{5AC7DD41-EB78-491E-9B3B-CD2C19A1E672} = {D9E80947-17F3-4D32-B336-B0058CB1E0A5}
		{AA91238D-BB46-419C-9471-3E37855EB6CF} = {5AC7DD41-EB78-491E-9B3B-CD2C19A1E672}
		{5804B58D-084C-4A26-8E30-AAA33C2690A1} = {4B3E80E6-0277-4063-A2C4-D479AEC08A63}
		{A23531C1-8CCF-4D5D-AF5B-DA78777A91BD} = {AEDE97F6-84D0-4145-8B65-274FD6A23104}
		{90CFF18C-7A8A-43D6-8347-4FE54BB0C51F} = {BA22E589-12E9-44C2-A5CA-4145C6ED337C}
		{3BFE55D9-CBAE-494B-9A1D-84FBA98B289E} = {BA22E589-12E9-44C2-A5CA-4145C6ED337C}
		{23BE3F66-26E8-4113-81C9-1CE69A13DE5A} = {BA22E589-12E9-44C2-A5CA-4145C6ED337C}
		{EE2DE875-6AE1-4CD0-939D-2CA09834CC2A} = {23BE3F66-26E8-4113-81C9-1CE69A13DE5A}
		{89E74421-06DB-434F-A04A-C4928A0FD29A} = {3BFE55D9-CBAE-494B-9A1D-84FBA98B289E}
		{71E15545-2C0A-4262-A76A-3B24FFFD8700} = {A23531C1-8CCF-4D5D-AF5B-DA78777A91BD}
		{7C38BBA6-F5B7-4E7C-8087-8BF53740AA32} = {16545D36-7B88-4D0B-B24E-55E04EBD54A6}
		{A0D1F6FB-AFAC-4B3F-84EB-39CC30656C57} = {C365395C-18CC-401D-97E8-BBBA19802ECE}
		{1A01B706-3AEA-4F76-8E20-370A8A114A9E} = {C365395C-18CC-401D-97E8-BBBA19802ECE}
		{70C9C5C0-247B-4FF0-A043-41BD9F944DED} = {A0D1F6FB-AFAC-4B3F-84EB-39CC30656C57}
		{8D02AE73-6A2D-4CE6-8262-17E4C209CF7D} = {BA22E589-12E9-44C2-A5CA-4145C6ED337C}
		{439BFBBC-D78D-4F76-9AFA-9272F9C0B77A} = {8D02AE73-6A2D-4CE6-8262-17E4C209CF7D}
		{AB79F217-18C6-4EBD-8379-9435B4E2CEEE} = {8D02AE73-6A2D-4CE6-8262-17E4C209CF7D}
	EndGlobalSection
	GlobalSection(ExtensibilityGlobals) = postSolution
		SolutionGuid = {23D1177E-CDAA-43BC-873E-C01E3875DA51}
	EndGlobalSection
EndGlobal
